
Microsoft Visual Studio Solution File, Format Version 12.00
# Visual Studio 15
Project("{FAE04EC0-301F-11D3-BF4B-00C04F79EFBC}") = "The-Tail-of-the-Mighty-Tiny-Dagger", "Assembly-CSharp.csproj", "{7FB3C5F7-8E2D-B31B-B719-AEFD9064AE29}"
EndProject
Project("{FAE04EC0-301F-11D3-BF4B-00C04F79EFBC}") = "Unity.PackageManagerUI.Editor", "Unity.PackageManagerUI.Editor.csproj", "{6877705C-FBD9-0C4F-5AFB-6FB431E5D39D}"
EndProject
Project("{FAE04EC0-301F-11D3-BF4B-00C04F79EFBC}") = "UnityEditor.StandardEvents", "UnityEditor.StandardEvents.csproj", "{6800202F-4402-D405-F8CB-03DC7BD78B92}"
EndProject
Global
	GlobalSection(SolutionConfigurationPlatforms) = preSolution
		Debug|Any CPU = Debug|Any CPU
		Release|Any CPU = Release|Any CPU
	EndGlobalSection
	GlobalSection(ProjectConfigurationPlatforms) = postSolution
<<<<<<< HEAD
		{A8BDE336-5814-E9F5-D235-5D8F1B855A10}.Debug|Any CPU.ActiveCfg = Debug|Any CPU
		{A8BDE336-5814-E9F5-D235-5D8F1B855A10}.Debug|Any CPU.Build.0 = Debug|Any CPU
		{A8BDE336-5814-E9F5-D235-5D8F1B855A10}.Release|Any CPU.ActiveCfg = Release|Any CPU
		{A8BDE336-5814-E9F5-D235-5D8F1B855A10}.Release|Any CPU.Build.0 = Release|Any CPU
		{6877705C-FBD9-0C4F-5AFB-6FB431E5D39D}.Debug|Any CPU.ActiveCfg = Debug|Any CPU
		{6877705C-FBD9-0C4F-5AFB-6FB431E5D39D}.Debug|Any CPU.Build.0 = Debug|Any CPU
		{6877705C-FBD9-0C4F-5AFB-6FB431E5D39D}.Release|Any CPU.ActiveCfg = Release|Any CPU
		{6877705C-FBD9-0C4F-5AFB-6FB431E5D39D}.Release|Any CPU.Build.0 = Release|Any CPU
		{6800202F-4402-D405-F8CB-03DC7BD78B92}.Debug|Any CPU.ActiveCfg = Debug|Any CPU
		{6800202F-4402-D405-F8CB-03DC7BD78B92}.Debug|Any CPU.Build.0 = Debug|Any CPU
		{6800202F-4402-D405-F8CB-03DC7BD78B92}.Release|Any CPU.ActiveCfg = Release|Any CPU
		{6800202F-4402-D405-F8CB-03DC7BD78B92}.Release|Any CPU.Build.0 = Release|Any CPU
=======
		{7FB3C5F7-8E2D-B31B-B719-AEFD9064AE29}.Debug|Any CPU.ActiveCfg = Debug|Any CPU
		{7FB3C5F7-8E2D-B31B-B719-AEFD9064AE29}.Debug|Any CPU.Build.0 = Debug|Any CPU
		{7FB3C5F7-8E2D-B31B-B719-AEFD9064AE29}.Release|Any CPU.ActiveCfg = Release|Any CPU
		{7FB3C5F7-8E2D-B31B-B719-AEFD9064AE29}.Release|Any CPU.Build.0 = Release|Any CPU
>>>>>>> 67dc2aec6efd206ed1d5945b27a348697c64a283
	EndGlobalSection
	GlobalSection(SolutionProperties) = preSolution
		HideSolutionNode = FALSE
	EndGlobalSection
EndGlobal
